
Microsoft Visual Studio Solution File, Format Version 12.00
# Visual Studio Version 17
VisualStudioVersion = 17.4.33403.182
MinimumVisualStudioVersion = 10.0.40219.1
Project("{9A19103F-16F7-4668-BE54-9A1E7A4F7556}") = "Calenderwebapp", "Calenderwebapp.csproj", "{8F10B75C-AA5A-44EC-A7F6-EA46513C8A47}"
EndProject
Project("{2150E333-8FDC-42A3-9474-1A3956D46DE8}") = "Data", "Data", "{4DA4CF6D-CF7E-4D9A-A5E8-CB9A91561B05}"
EndProject
Project("{FAE04EC0-301F-11D3-BF4B-00C04F79EFBC}") = "CalendarDb", "..\CalendarDb\CalendarDb.csproj", "{D40BE58F-9708-4919-B037-810B495917E1}"
	ProjectSection(ProjectDependencies) = postProject
		{8F10B75C-AA5A-44EC-A7F6-EA46513C8A47} = {8F10B75C-AA5A-44EC-A7F6-EA46513C8A47}
	EndProjectSection
EndProject
Project("{2150E333-8FDC-42A3-9474-1A3956D46DE8}") = "Domain", "Domain", "{91C2DD8F-F561-4819-8603-E4DDEECB138F}"
EndProject
Project("{FAE04EC0-301F-11D3-BF4B-00C04F79EFBC}") = "Main", "..\Main\Main.csproj", "{6352F621-98C7-4F4C-ABD4-8DD5F3A43047}"
	ProjectSection(ProjectDependencies) = postProject
		{8F10B75C-AA5A-44EC-A7F6-EA46513C8A47} = {8F10B75C-AA5A-44EC-A7F6-EA46513C8A47}
		{D40BE58F-9708-4919-B037-810B495917E1} = {D40BE58F-9708-4919-B037-810B495917E1}
	EndProjectSection
EndProject
Global
	GlobalSection(SolutionConfigurationPlatforms) = preSolution
		Debug|Any CPU = Debug|Any CPU
		Release|Any CPU = Release|Any CPU
	EndGlobalSection
	GlobalSection(ProjectConfigurationPlatforms) = postSolution
		{8F10B75C-AA5A-44EC-A7F6-EA46513C8A47}.Debug|Any CPU.ActiveCfg = Debug|Any CPU
		{8F10B75C-AA5A-44EC-A7F6-EA46513C8A47}.Debug|Any CPU.Build.0 = Debug|Any CPU
		{8F10B75C-AA5A-44EC-A7F6-EA46513C8A47}.Release|Any CPU.ActiveCfg = Release|Any CPU
		{8F10B75C-AA5A-44EC-A7F6-EA46513C8A47}.Release|Any CPU.Build.0 = Release|Any CPU
		{D40BE58F-9708-4919-B037-810B495917E1}.Debug|Any CPU.ActiveCfg = Debug|Any CPU
		{D40BE58F-9708-4919-B037-810B495917E1}.Debug|Any CPU.Build.0 = Debug|Any CPU
		{D40BE58F-9708-4919-B037-810B495917E1}.Release|Any CPU.ActiveCfg = Release|Any CPU
		{D40BE58F-9708-4919-B037-810B495917E1}.Release|Any CPU.Build.0 = Release|Any CPU
		{6352F621-98C7-4F4C-ABD4-8DD5F3A43047}.Debug|Any CPU.ActiveCfg = Debug|Any CPU
		{6352F621-98C7-4F4C-ABD4-8DD5F3A43047}.Debug|Any CPU.Build.0 = Debug|Any CPU
		{6352F621-98C7-4F4C-ABD4-8DD5F3A43047}.Release|Any CPU.ActiveCfg = Release|Any CPU
		{6352F621-98C7-4F4C-ABD4-8DD5F3A43047}.Release|Any CPU.Build.0 = Release|Any CPU
	EndGlobalSection
	GlobalSection(SolutionProperties) = preSolution
		HideSolutionNode = FALSE
	EndGlobalSection
	GlobalSection(NestedProjects) = preSolution
		{D40BE58F-9708-4919-B037-810B495917E1} = {4DA4CF6D-CF7E-4D9A-A5E8-CB9A91561B05}
		{6352F621-98C7-4F4C-ABD4-8DD5F3A43047} = {91C2DD8F-F561-4819-8603-E4DDEECB138F}
	EndGlobalSection
	GlobalSection(ExtensibilityGlobals) = postSolution
		SolutionGuid = {34988D63-6D94-4741-AA04-9A23E05AC08D}
	EndGlobalSection
EndGlobal
